// !$*UTF8*$!
{
	archiveVersion = 1;
	classes = {
	};
	objectVersion = 50;
	objects = {

/* Begin PBXBuildFile section */
		117E11E722C2C303002BAA7A /* AppDelegate.m in Sources */ = {isa = PBXBuildFile; fileRef = 117E11E622C2C303002BAA7A /* AppDelegate.m */; };
		117E11EA22C2C303002BAA7A /* ViewController.m in Sources */ = {isa = PBXBuildFile; fileRef = 117E11E922C2C303002BAA7A /* ViewController.m */; };
		117E11ED22C2C303002BAA7A /* Main.storyboard in Resources */ = {isa = PBXBuildFile; fileRef = 117E11EB22C2C303002BAA7A /* Main.storyboard */; };
		117E11EF22C2C304002BAA7A /* Assets.xcassets in Resources */ = {isa = PBXBuildFile; fileRef = 117E11EE22C2C304002BAA7A /* Assets.xcassets */; };
		117E11F222C2C304002BAA7A /* LaunchScreen.storyboard in Resources */ = {isa = PBXBuildFile; fileRef = 117E11F022C2C304002BAA7A /* LaunchScreen.storyboard */; };
		117E11F522C2C304002BAA7A /* main.m in Sources */ = {isa = PBXBuildFile; fileRef = 117E11F422C2C304002BAA7A /* main.m */; };
		117E11FF22C2C305002BAA7A /* TipsterTests.m in Sources */ = {isa = PBXBuildFile; fileRef = 117E11FE22C2C305002BAA7A /* TipsterTests.m */; };
		117E120A22C2C305002BAA7A /* TipsterUITests.m in Sources */ = {isa = PBXBuildFile; fileRef = 117E120922C2C305002BAA7A /* TipsterUITests.m */; };
		117E121922C2ED63002BAA7A /* SettingsViewController.m in Sources */ = {isa = PBXBuildFile; fileRef = 117E121822C2ED63002BAA7A /* SettingsViewController.m */; };
/* End PBXBuildFile section */

/* Begin PBXContainerItemProxy section */
		117E11FB22C2C305002BAA7A /* PBXContainerItemProxy */ = {
			isa = PBXContainerItemProxy;
			containerPortal = 117E11DA22C2C303002BAA7A /* Project object */;
			proxyType = 1;
			remoteGlobalIDString = 117E11E122C2C303002BAA7A;
			remoteInfo = Tipster;
		};
		117E120622C2C305002BAA7A /* PBXContainerItemProxy */ = {
			isa = PBXContainerItemProxy;
			containerPortal = 117E11DA22C2C303002BAA7A /* Project object */;
			proxyType = 1;
			remoteGlobalIDString = 117E11E122C2C303002BAA7A;
			remoteInfo = Tipster;
		};
/* End PBXContainerItemProxy section */

/* Begin PBXFileReference section */
		117E11E222C2C303002BAA7A /* Tipster.app */ = {isa = PBXFileReference; explicitFileType = wrapper.application; includeInIndex = 0; path = Tipster.app; sourceTree = BUILT_PRODUCTS_DIR; };
		117E11E522C2C303002BAA7A /* AppDelegate.h */ = {isa = PBXFileReference; lastKnownFileType = sourcecode.c.h; path = AppDelegate.h; sourceTree = "<group>"; };
		117E11E622C2C303002BAA7A /* AppDelegate.m */ = {isa = PBXFileReference; lastKnownFileType = sourcecode.c.objc; path = AppDelegate.m; sourceTree = "<group>"; };
		117E11E822C2C303002BAA7A /* ViewController.h */ = {isa = PBXFileReference; lastKnownFileType = sourcecode.c.h; path = ViewController.h; sourceTree = "<group>"; };
		117E11E922C2C303002BAA7A /* ViewController.m */ = {isa = PBXFileReference; lastKnownFileType = sourcecode.c.objc; path = ViewController.m; sourceTree = "<group>"; };
		117E11EC22C2C303002BAA7A /* Base */ = {isa = PBXFileReference; lastKnownFileType = file.storyboard; name = Base; path = Base.lproj/Main.storyboard; sourceTree = "<group>"; };
		117E11EE22C2C304002BAA7A /* Assets.xcassets */ = {isa = PBXFileReference; lastKnownFileType = folder.assetcatalog; path = Assets.xcassets; sourceTree = "<group>"; };
		117E11F122C2C304002BAA7A /* Base */ = {isa = PBXFileReference; lastKnownFileType = file.storyboard; name = Base; path = Base.lproj/LaunchScreen.storyboard; sourceTree = "<group>"; };
		117E11F322C2C304002BAA7A /* Info.plist */ = {isa = PBXFileReference; lastKnownFileType = text.plist.xml; path = Info.plist; sourceTree = "<group>"; };
		117E11F422C2C304002BAA7A /* main.m */ = {isa = PBXFileReference; lastKnownFileType = sourcecode.c.objc; path = main.m; sourceTree = "<group>"; };
		117E11FA22C2C305002BAA7A /* TipsterTests.xctest */ = {isa = PBXFileReference; explicitFileType = wrapper.cfbundle; includeInIndex = 0; path = TipsterTests.xctest; sourceTree = BUILT_PRODUCTS_DIR; };
		117E11FE22C2C305002BAA7A /* TipsterTests.m */ = {isa = PBXFileReference; lastKnownFileType = sourcecode.c.objc; path = TipsterTests.m; sourceTree = "<group>"; };
		117E120022C2C305002BAA7A /* Info.plist */ = {isa = PBXFileReference; lastKnownFileType = text.plist.xml; path = Info.plist; sourceTree = "<group>"; };
		117E120522C2C305002BAA7A /* TipsterUITests.xctest */ = {isa = PBXFileReference; explicitFileType = wrapper.cfbundle; includeInIndex = 0; path = TipsterUITests.xctest; sourceTree = BUILT_PRODUCTS_DIR; };
		117E120922C2C305002BAA7A /* TipsterUITests.m */ = {isa = PBXFileReference; lastKnownFileType = sourcecode.c.objc; path = TipsterUITests.m; sourceTree = "<group>"; };
		117E120B22C2C305002BAA7A /* Info.plist */ = {isa = PBXFileReference; lastKnownFileType = text.plist.xml; path = Info.plist; sourceTree = "<group>"; };
		117E121722C2ED63002BAA7A /* SettingsViewController.h */ = {isa = PBXFileReference; lastKnownFileType = sourcecode.c.h; path = SettingsViewController.h; sourceTree = "<group>"; };
		117E121822C2ED63002BAA7A /* SettingsViewController.m */ = {isa = PBXFileReference; lastKnownFileType = sourcecode.c.objc; path = SettingsViewController.m; sourceTree = "<group>"; };
/* End PBXFileReference section */

/* Begin PBXFrameworksBuildPhase section */
		117E11DF22C2C303002BAA7A /* Frameworks */ = {
			isa = PBXFrameworksBuildPhase;
			buildActionMask = 2147483647;
			files = (
			);
			runOnlyForDeploymentPostprocessing = 0;
		};
		117E11F722C2C305002BAA7A /* Frameworks */ = {
			isa = PBXFrameworksBuildPhase;
			buildActionMask = 2147483647;
			files = (
			);
			runOnlyForDeploymentPostprocessing = 0;
		};
		117E120222C2C305002BAA7A /* Frameworks */ = {
			isa = PBXFrameworksBuildPhase;
			buildActionMask = 2147483647;
			files = (
			);
			runOnlyForDeploymentPostprocessing = 0;
		};
/* End PBXFrameworksBuildPhase section */

/* Begin PBXGroup section */
		117E11D922C2C303002BAA7A = {
			isa = PBXGroup;
			children = (
				117E11E422C2C303002BAA7A /* Tipster */,
				117E11FD22C2C305002BAA7A /* TipsterTests */,
				117E120822C2C305002BAA7A /* TipsterUITests */,
				117E11E322C2C303002BAA7A /* Products */,
			);
			sourceTree = "<group>";
		};
		117E11E322C2C303002BAA7A /* Products */ = {
			isa = PBXGroup;
			children = (
				117E11E222C2C303002BAA7A /* Tipster.app */,
				117E11FA22C2C305002BAA7A /* TipsterTests.xctest */,
				117E120522C2C305002BAA7A /* TipsterUITests.xctest */,
			);
			name = Products;
			sourceTree = "<group>";
		};
		117E11E422C2C303002BAA7A /* Tipster */ = {
			isa = PBXGroup;
			children = (
				117E11E522C2C303002BAA7A /* AppDelegate.h */,
				117E11E622C2C303002BAA7A /* AppDelegate.m */,
				117E11E822C2C303002BAA7A /* ViewController.h */,
				117E11E922C2C303002BAA7A /* ViewController.m */,
				117E11EB22C2C303002BAA7A /* Main.storyboard */,
				117E121722C2ED63002BAA7A /* SettingsViewController.h */,
				117E121822C2ED63002BAA7A /* SettingsViewController.m */,
				117E11F022C2C304002BAA7A /* LaunchScreen.storyboard */,
				117E11EE22C2C304002BAA7A /* Assets.xcassets */,
				117E11F322C2C304002BAA7A /* Info.plist */,
				117E11F422C2C304002BAA7A /* main.m */,
			);
			path = Tipster;
			sourceTree = "<group>";
		};
		117E11FD22C2C305002BAA7A /* TipsterTests */ = {
			isa = PBXGroup;
			children = (
				117E11FE22C2C305002BAA7A /* TipsterTests.m */,
				117E120022C2C305002BAA7A /* Info.plist */,
			);
			path = TipsterTests;
			sourceTree = "<group>";
		};
		117E120822C2C305002BAA7A /* TipsterUITests */ = {
			isa = PBXGroup;
			children = (
				117E120922C2C305002BAA7A /* TipsterUITests.m */,
				117E120B22C2C305002BAA7A /* Info.plist */,
			);
			path = TipsterUITests;
			sourceTree = "<group>";
		};
/* End PBXGroup section */

/* Begin PBXNativeTarget section */
		117E11E122C2C303002BAA7A /* Tipster */ = {
			isa = PBXNativeTarget;
			buildConfigurationList = 117E120E22C2C305002BAA7A /* Build configuration list for PBXNativeTarget "Tipster" */;
			buildPhases = (
				117E11DE22C2C303002BAA7A /* Sources */,
				117E11DF22C2C303002BAA7A /* Frameworks */,
				117E11E022C2C303002BAA7A /* Resources */,
			);
			buildRules = (
			);
			dependencies = (
			);
			name = Tipster;
			productName = Tipster;
			productReference = 117E11E222C2C303002BAA7A /* Tipster.app */;
			productType = "com.apple.product-type.application";
		};
		117E11F922C2C305002BAA7A /* TipsterTests */ = {
			isa = PBXNativeTarget;
			buildConfigurationList = 117E121122C2C305002BAA7A /* Build configuration list for PBXNativeTarget "TipsterTests" */;
			buildPhases = (
				117E11F622C2C305002BAA7A /* Sources */,
				117E11F722C2C305002BAA7A /* Frameworks */,
				117E11F822C2C305002BAA7A /* Resources */,
			);
			buildRules = (
			);
			dependencies = (
				117E11FC22C2C305002BAA7A /* PBXTargetDependency */,
			);
			name = TipsterTests;
			productName = TipsterTests;
			productReference = 117E11FA22C2C305002BAA7A /* TipsterTests.xctest */;
			productType = "com.apple.product-type.bundle.unit-test";
		};
		117E120422C2C305002BAA7A /* TipsterUITests */ = {
			isa = PBXNativeTarget;
			buildConfigurationList = 117E121422C2C305002BAA7A /* Build configuration list for PBXNativeTarget "TipsterUITests" */;
			buildPhases = (
				117E120122C2C305002BAA7A /* Sources */,
				117E120222C2C305002BAA7A /* Frameworks */,
				117E120322C2C305002BAA7A /* Resources */,
			);
			buildRules = (
			);
			dependencies = (
				117E120722C2C305002BAA7A /* PBXTargetDependency */,
			);
			name = TipsterUITests;
			productName = TipsterUITests;
			productReference = 117E120522C2C305002BAA7A /* TipsterUITests.xctest */;
			productType = "com.apple.product-type.bundle.ui-testing";
		};
/* End PBXNativeTarget section */

/* Begin PBXProject section */
		117E11DA22C2C303002BAA7A /* Project object */ = {
			isa = PBXProject;
			attributes = {
				LastUpgradeCheck = 1020;
				ORGANIZATIONNAME = panzaldo;
				TargetAttributes = {
					117E11E122C2C303002BAA7A = {
						CreatedOnToolsVersion = 10.2.1;
					};
					117E11F922C2C305002BAA7A = {
						CreatedOnToolsVersion = 10.2.1;
						TestTargetID = 117E11E122C2C303002BAA7A;
					};
					117E120422C2C305002BAA7A = {
						CreatedOnToolsVersion = 10.2.1;
						TestTargetID = 117E11E122C2C303002BAA7A;
					};
				};
			};
			buildConfigurationList = 117E11DD22C2C303002BAA7A /* Build configuration list for PBXProject "Tipster" */;
			compatibilityVersion = "Xcode 9.3";
			developmentRegion = en;
			hasScannedForEncodings = 0;
			knownRegions = (
				en,
				Base,
			);
			mainGroup = 117E11D922C2C303002BAA7A;
			productRefGroup = 117E11E322C2C303002BAA7A /* Products */;
			projectDirPath = "";
			projectRoot = "";
			targets = (
				117E11E122C2C303002BAA7A /* Tipster */,
				117E11F922C2C305002BAA7A /* TipsterTests */,
				117E120422C2C305002BAA7A /* TipsterUITests */,
			);
		};
/* End PBXProject section */

/* Begin PBXResourcesBuildPhase section */
		117E11E022C2C303002BAA7A /* Resources */ = {
			isa = PBXResourcesBuildPhase;
			buildActionMask = 2147483647;
			files = (
				117E11F222C2C304002BAA7A /* LaunchScreen.storyboard in Resources */,
				117E11EF22C2C304002BAA7A /* Assets.xcassets in Resources */,
				117E11ED22C2C303002BAA7A /* Main.storyboard in Resources */,
			);
			runOnlyForDeploymentPostprocessing = 0;
		};
		117E11F822C2C305002BAA7A /* Resources */ = {
			isa = PBXResourcesBuildPhase;
			buildActionMask = 2147483647;
			files = (
			);
			runOnlyForDeploymentPostprocessing = 0;
		};
		117E120322C2C305002BAA7A /* Resources */ = {
			isa = PBXResourcesBuildPhase;
			buildActionMask = 2147483647;
			files = (
			);
			runOnlyForDeploymentPostprocessing = 0;
		};
/* End PBXResourcesBuildPhase section */

/* Begin PBXSourcesBuildPhase section */
		117E11DE22C2C303002BAA7A /* Sources */ = {
			isa = PBXSourcesBuildPhase;
			buildActionMask = 2147483647;
			files = (
				117E11EA22C2C303002BAA7A /* ViewController.m in Sources */,
				117E11F522C2C304002BAA7A /* main.m in Sources */,
				117E11E722C2C303002BAA7A /* AppDelegate.m in Sources */,
				117E121922C2ED63002BAA7A /* SettingsViewController.m in Sources */,
			);
			runOnlyForDeploymentPostprocessing = 0;
		};
		117E11F622C2C305002BAA7A /* Sources */ = {
			isa = PBXSourcesBuildPhase;
			buildActionMask = 2147483647;
			files = (
				117E11FF22C2C305002BAA7A /* TipsterTests.m in Sources */,
			);
			runOnlyForDeploymentPostprocessing = 0;
		};
		117E120122C2C305002BAA7A /* Sources */ = {
			isa = PBXSourcesBuildPhase;
			buildActionMask = 2147483647;
			files = (
				117E120A22C2C305002BAA7A /* TipsterUITests.m in Sources */,
			);
			runOnlyForDeploymentPostprocessing = 0;
		};
/* End PBXSourcesBuildPhase section */

/* Begin PBXTargetDependency section */
		117E11FC22C2C305002BAA7A /* PBXTargetDependency */ = {
			isa = PBXTargetDependency;
			target = 117E11E122C2C303002BAA7A /* Tipster */;
			targetProxy = 117E11FB22C2C305002BAA7A /* PBXContainerItemProxy */;
		};
		117E120722C2C305002BAA7A /* PBXTargetDependency */ = {
			isa = PBXTargetDependency;
			target = 117E11E122C2C303002BAA7A /* Tipster */;
			targetProxy = 117E120622C2C305002BAA7A /* PBXContainerItemProxy */;
		};
/* End PBXTargetDependency section */

/* Begin PBXVariantGroup section */
		117E11EB22C2C303002BAA7A /* Main.storyboard */ = {
			isa = PBXVariantGroup;
			children = (
				117E11EC22C2C303002BAA7A /* Base */,
			);
			name = Main.storyboard;
			sourceTree = "<group>";
		};
		117E11F022C2C304002BAA7A /* LaunchScreen.storyboard */ = {
			isa = PBXVariantGroup;
			children = (
				117E11F122C2C304002BAA7A /* Base */,
			);
			name = LaunchScreen.storyboard;
			sourceTree = "<group>";
		};
/* End PBXVariantGroup section */

/* Begin XCBuildConfiguration section */
		117E120C22C2C305002BAA7A /* Debug */ = {
			isa = XCBuildConfiguration;
			buildSettings = {
				ALWAYS_SEARCH_USER_PATHS = NO;
				CLANG_ANALYZER_NONNULL = YES;
				CLANG_ANALYZER_NUMBER_OBJECT_CONVERSION = YES_AGGRESSIVE;
				CLANG_CXX_LANGUAGE_STANDARD = "gnu++14";
				CLANG_CXX_LIBRARY = "libc++";
				CLANG_ENABLE_MODULES = YES;
				CLANG_ENABLE_OBJC_ARC = YES;
				CLANG_ENABLE_OBJC_WEAK = YES;
				CLANG_WARN_BLOCK_CAPTURE_AUTORELEASING = YES;
				CLANG_WARN_BOOL_CONVERSION = YES;
				CLANG_WARN_COMMA = YES;
				CLANG_WARN_CONSTANT_CONVERSION = YES;
				CLANG_WARN_DEPRECATED_OBJC_IMPLEMENTATIONS = YES;
				CLANG_WARN_DIRECT_OBJC_ISA_USAGE = YES_ERROR;
				CLANG_WARN_DOCUMENTATION_COMMENTS = YES;
				CLANG_WARN_EMPTY_BODY = YES;
				CLANG_WARN_ENUM_CONVERSION = YES;
				CLANG_WARN_INFINITE_RECURSION = YES;
				CLANG_WARN_INT_CONVERSION = YES;
				CLANG_WARN_NON_LITERAL_NULL_CONVERSION = YES;
				CLANG_WARN_OBJC_IMPLICIT_RETAIN_SELF = YES;
				CLANG_WARN_OBJC_LITERAL_CONVERSION = YES;
				CLANG_WARN_OBJC_ROOT_CLASS = YES_ERROR;
				CLANG_WARN_RANGE_LOOP_ANALYSIS = YES;
				CLANG_WARN_STRICT_PROTOTYPES = YES;
				CLANG_WARN_SUSPICIOUS_MOVE = YES;
				CLANG_WARN_UNGUARDED_AVAILABILITY = YES_AGGRESSIVE;
				CLANG_WARN_UNREACHABLE_CODE = YES;
				CLANG_WARN__DUPLICATE_METHOD_MATCH = YES;
				CODE_SIGN_IDENTITY = "iPhone Developer";
				COPY_PHASE_STRIP = NO;
				DEBUG_INFORMATION_FORMAT = dwarf;
				ENABLE_STRICT_OBJC_MSGSEND = YES;
				ENABLE_TESTABILITY = YES;
				GCC_C_LANGUAGE_STANDARD = gnu11;
				GCC_DYNAMIC_NO_PIC = NO;
				GCC_NO_COMMON_BLOCKS = YES;
				GCC_OPTIMIZATION_LEVEL = 0;
				GCC_PREPROCESSOR_DEFINITIONS = (
					"DEBUG=1",
					"$(inherited)",
				);
				GCC_WARN_64_TO_32_BIT_CONVERSION = YES;
				GCC_WARN_ABOUT_RETURN_TYPE = YES_ERROR;
				GCC_WARN_UNDECLARED_SELECTOR = YES;
				GCC_WARN_UNINITIALIZED_AUTOS = YES_AGGRESSIVE;
				GCC_WARN_UNUSED_FUNCTION = YES;
				GCC_WARN_UNUSED_VARIABLE = YES;
				IPHONEOS_DEPLOYMENT_TARGET = 12.2;
				MTL_ENABLE_DEBUG_INFO = INCLUDE_SOURCE;
				MTL_FAST_MATH = YES;
				ONLY_ACTIVE_ARCH = YES;
				SDKROOT = iphoneos;
			};
			name = Debug;
		};
		117E120D22C2C305002BAA7A /* Release */ = {
			isa = XCBuildConfiguration;
			buildSettings = {
				ALWAYS_SEARCH_USER_PATHS = NO;
				CLANG_ANALYZER_NONNULL = YES;
				CLANG_ANALYZER_NUMBER_OBJECT_CONVERSION = YES_AGGRESSIVE;
				CLANG_CXX_LANGUAGE_STANDARD = "gnu++14";
				CLANG_CXX_LIBRARY = "libc++";
				CLANG_ENABLE_MODULES = YES;
				CLANG_ENABLE_OBJC_ARC = YES;
				CLANG_ENABLE_OBJC_WEAK = YES;
				CLANG_WARN_BLOCK_CAPTURE_AUTORELEASING = YES;
				CLANG_WARN_BOOL_CONVERSION = YES;
				CLANG_WARN_COMMA = YES;
				CLANG_WARN_CONSTANT_CONVERSION = YES;
				CLANG_WARN_DEPRECATED_OBJC_IMPLEMENTATIONS = YES;
				CLANG_WARN_DIRECT_OBJC_ISA_USAGE = YES_ERROR;
				CLANG_WARN_DOCUMENTATION_COMMENTS = YES;
				CLANG_WARN_EMPTY_BODY = YES;
				CLANG_WARN_ENUM_CONVERSION = YES;
				CLANG_WARN_INFINITE_RECURSION = YES;
				CLANG_WARN_INT_CONVERSION = YES;
				CLANG_WARN_NON_LITERAL_NULL_CONVERSION = YES;
				CLANG_WARN_OBJC_IMPLICIT_RETAIN_SELF = YES;
				CLANG_WARN_OBJC_LITERAL_CONVERSION = YES;
				CLANG_WARN_OBJC_ROOT_CLASS = YES_ERROR;
				CLANG_WARN_RANGE_LOOP_ANALYSIS = YES;
				CLANG_WARN_STRICT_PROTOTYPES = YES;
				CLANG_WARN_SUSPICIOUS_MOVE = YES;
				CLANG_WARN_UNGUARDED_AVAILABILITY = YES_AGGRESSIVE;
				CLANG_WARN_UNREACHABLE_CODE = YES;
				CLANG_WARN__DUPLICATE_METHOD_MATCH = YES;
				CODE_SIGN_IDENTITY = "iPhone Developer";
				COPY_PHASE_STRIP = NO;
				DEBUG_INFORMATION_FORMAT = "dwarf-with-dsym";
				ENABLE_NS_ASSERTIONS = NO;
				ENABLE_STRICT_OBJC_MSGSEND = YES;
				GCC_C_LANGUAGE_STANDARD = gnu11;
				GCC_NO_COMMON_BLOCKS = YES;
				GCC_WARN_64_TO_32_BIT_CONVERSION = YES;
				GCC_WARN_ABOUT_RETURN_TYPE = YES_ERROR;
				GCC_WARN_UNDECLARED_SELECTOR = YES;
				GCC_WARN_UNINITIALIZED_AUTOS = YES_AGGRESSIVE;
				GCC_WARN_UNUSED_FUNCTION = YES;
				GCC_WARN_UNUSED_VARIABLE = YES;
				IPHONEOS_DEPLOYMENT_TARGET = 12.2;
				MTL_ENABLE_DEBUG_INFO = NO;
				MTL_FAST_MATH = YES;
				SDKROOT = iphoneos;
				VALIDATE_PRODUCT = YES;
			};
			name = Release;
		};
		117E120F22C2C305002BAA7A /* Debug */ = {
			isa = XCBuildConfiguration;
			buildSettings = {
				ASSETCATALOG_COMPILER_APPICON_NAME = AppIcon;
				CODE_SIGN_STYLE = Automatic;
				DEVELOPMENT_TEAM = S7FF4JGN27;
				INFOPLIST_FILE = Tipster/Info.plist;
				LD_RUNPATH_SEARCH_PATHS = (
					"$(inherited)",
					"@executable_path/Frameworks",
				);
				PRODUCT_BUNDLE_IDENTIFIER = com.pauanzaldo.tips;
				PRODUCT_NAME = "$(TARGET_NAME)";
				TARGETED_DEVICE_FAMILY = "1,2";
			};
			name = Debug;
		};
		117E121022C2C305002BAA7A /* Release */ = {
			isa = XCBuildConfiguration;
			buildSettings = {
				ASSETCATALOG_COMPILER_APPICON_NAME = AppIcon;
				CODE_SIGN_STYLE = Automatic;
				DEVELOPMENT_TEAM = S7FF4JGN27;
				INFOPLIST_FILE = Tipster/Info.plist;
				LD_RUNPATH_SEARCH_PATHS = (
					"$(inherited)",
					"@executable_path/Frameworks",
				);
				PRODUCT_BUNDLE_IDENTIFIER = com.pauanzaldo.tips;
				PRODUCT_NAME = "$(TARGET_NAME)";
				TARGETED_DEVICE_FAMILY = "1,2";
			};
			name = Release;
		};
		117E121222C2C305002BAA7A /* Debug */ = {
			isa = XCBuildConfiguration;
			buildSettings = {
				BUNDLE_LOADER = "$(TEST_HOST)";
				CODE_SIGN_STYLE = Automatic;
				INFOPLIST_FILE = TipsterTests/Info.plist;
				LD_RUNPATH_SEARCH_PATHS = (
					"$(inherited)",
					"@executable_path/Frameworks",
					"@loader_path/Frameworks",
				);
				PRODUCT_BUNDLE_IDENTIFIER = com.pauanzaldo.TipsterTests;
				PRODUCT_NAME = "$(TARGET_NAME)";
				TARGETED_DEVICE_FAMILY = "1,2";
				TEST_HOST = "$(BUILT_PRODUCTS_DIR)/Tipster.app/Tipster";
			};
			name = Debug;
		};
		117E121322C2C305002BAA7A /* Release */ = {
			isa = XCBuildConfiguration;
			buildSettings = {
				BUNDLE_LOADER = "$(TEST_HOST)";
				CODE_SIGN_STYLE = Automatic;
				INFOPLIST_FILE = TipsterTests/Info.plist;
				LD_RUNPATH_SEARCH_PATHS = (
					"$(inherited)",
					"@executable_path/Frameworks",
					"@loader_path/Frameworks",
				);
				PRODUCT_BUNDLE_IDENTIFIER = com.pauanzaldo.TipsterTests;
				PRODUCT_NAME = "$(TARGET_NAME)";
				TARGETED_DEVICE_FAMILY = "1,2";
				TEST_HOST = "$(BUILT_PRODUCTS_DIR)/Tipster.app/Tipster";
			};
			name = Release;
		};
		117E121522C2C305002BAA7A /* Debug */ = {
			isa = XCBuildConfiguration;
			buildSettings = {
				CODE_SIGN_STYLE = Automatic;
				INFOPLIST_FILE = TipsterUITests/Info.plist;
				LD_RUNPATH_SEARCH_PATHS = (
					"$(inherited)",
					"@executable_path/Frameworks",
					"@loader_path/Frameworks",
				);
				PRODUCT_BUNDLE_IDENTIFIER = com.pauanzaldo.TipsterUITests;
				PRODUCT_NAME = "$(TARGET_NAME)";
				TARGETED_DEVICE_FAMILY = "1,2";
				TEST_TARGET_NAME = Tipster;
			};
			name = Debug;
		};
		117E121622C2C305002BAA7A /* Release */ = {
			isa = XCBuildConfiguration;
			buildSettings = {
				CODE_SIGN_STYLE = Automatic;
				INFOPLIST_FILE = TipsterUITests/Info.plist;
				LD_RUNPATH_SEARCH_PATHS = (
					"$(inherited)",
					"@executable_path/Frameworks",
					"@loader_path/Frameworks",
				);
				PRODUCT_BUNDLE_IDENTIFIER = com.pauanzaldo.TipsterUITests;
				PRODUCT_NAME = "$(TARGET_NAME)";
				TARGETED_DEVICE_FAMILY = "1,2";
				TEST_TARGET_NAME = Tipster;
			};
			name = Release;
		};
/* End XCBuildConfiguration section */

/* Begin XCConfigurationList section */
		117E11DD22C2C303002BAA7A /* Build configuration list for PBXProject "Tipster" */ = {
			isa = XCConfigurationList;
			buildConfigurations = (
				117E120C22C2C305002BAA7A /* Debug */,
				117E120D22C2C305002BAA7A /* Release */,
			);
			defaultConfigurationIsVisible = 0;
			defaultConfigurationName = Release;
		};
		117E120E22C2C305002BAA7A /* Build configuration list for PBXNativeTarget "Tipster" */ = {
			isa = XCConfigurationList;
			buildConfigurations = (
				117E120F22C2C305002BAA7A /* Debug */,
				117E121022C2C305002BAA7A /* Release */,
			);
			defaultConfigurationIsVisible = 0;
			defaultConfigurationName = Release;
		};
		117E121122C2C305002BAA7A /* Build configuration list for PBXNativeTarget "TipsterTests" */ = {
			isa = XCConfigurationList;
			buildConfigurations = (
				117E121222C2C305002BAA7A /* Debug */,
				117E121322C2C305002BAA7A /* Release */,
			);
			defaultConfigurationIsVisible = 0;
			defaultConfigurationName = Release;
		};
		117E121422C2C305002BAA7A /* Build configuration list for PBXNativeTarget "TipsterUITests" */ = {
			isa = XCConfigurationList;
			buildConfigurations = (
				117E121522C2C305002BAA7A /* Debug */,
				117E121622C2C305002BAA7A /* Release */,
			);
			defaultConfigurationIsVisible = 0;
			defaultConfigurationName = Release;
		};
/* End XCConfigurationList section */
	};
	rootObject = 117E11DA22C2C303002BAA7A /* Project object */;
}
